{
  "name": "bifroster",
  "version": "1.0.9",
  "lockfileVersion": 1,
  "requires": true,
  "dependencies": {
    "address": {
      "version": "1.0.3",
      "resolved": "http://npm.51.nb/address/download/address-1.0.3.tgz",
      "integrity": "sha1-tfUGMfjWzsi9IMljljr7VeBsvOk="
    },
    "any-promise": {
      "version": "1.3.0",
      "resolved": "http://npm.51.nb/any-promise/download/any-promise-1.3.0.tgz",
      "integrity": "sha1-q8av7tzqUugJzcA3au0845Y10X8="
    },
    "async-events-listener": {
      "version": "1.0.0",
      "resolved": "http://npm.51.nb/async-events-listener/download/async-events-listener-1.0.0.tgz",
      "integrity": "sha1-DWViWZEcRAK3W1c2S6AwEzNELXM="
    },
    "axios": {
      "version": "0.17.1",
      "resolved": "http://npm.51.nb/axios/download/axios-0.17.1.tgz",
      "integrity": "sha1-LY4+XQvb1zJ/kbyBT1xXZg+Bgk0=",
      "dev": true,
      "requires": {
        "follow-redirects": "1.2.6",
        "is-buffer": "1.1.6"
      }
    },
    "cfork": {
      "version": "1.7.1",
      "resolved": "http://npm.51.nb/cfork/download/cfork-1.7.1.tgz",
      "integrity": "sha1-wk6du3CnKIgeDtZke/kaeua3VSU=",
      "requires": {
        "utility": "1.13.1"
      }
    },
    "copy-to": {
      "version": "2.0.1",
      "resolved": "http://npm.51.nb/copy-to/download/copy-to-2.0.1.tgz",
      "integrity": "sha1-JoD7uAaKSNCGVrYJgJK9r8kG9KU="
    },
    "debug": {
      "version": "3.1.0",
      "resolved": "http://npm.51.nb/debug/download/debug-3.1.0.tgz",
      "integrity": "sha1-W7WgZyYotkFJVmuhaBnmFRjGcmE=",
      "requires": {
        "ms": "2.0.0"
      }
    },
    "detect-port": {
      "version": "1.2.2",
      "resolved": "http://npm.51.nb/detect-port/download/detect-port-1.2.2.tgz",
      "integrity": "sha1-V6RFM2Mti8dK0lVnaGbKQ/lsdGk=",
      "requires": {
        "address": "1.0.3",
        "debug": "2.6.9"
      },
      "dependencies": {
        "debug": {
          "version": "2.6.9",
          "resolved": "http://npm.51.nb/debug/download/debug-2.6.9.tgz",
          "integrity": "sha1-XRKFFd8TT/Mn6QpMk/Tgd6U2NB8=",
          "requires": {
            "ms": "2.0.0"
          }
        }
      }
    },
    "double-ended-queue": {
      "version": "2.1.0-0",
      "resolved": "http://npm.51.nb/double-ended-queue/download/double-ended-queue-2.1.0-0.tgz",
      "integrity": "sha1-ED01J/0xUo9AGIEwyEHv3XgmTlw=",
      "dev": true
    },
    "escape-html": {
      "version": "1.0.3",
      "resolved": "http://npm.51.nb/escape-html/download/escape-html-1.0.3.tgz",
      "integrity": "sha1-Aljq5NPQwJdN4cFpGI7wBR0dGYg="
    },
    "follow-redirects": {
      "version": "1.2.6",
      "resolved": "http://npm.51.nb/follow-redirects/download/follow-redirects-1.2.6.tgz",
      "integrity": "sha1-Tc3H5Ks91nZal/+Jw7TCWBF8eb8=",
      "dev": true,
      "requires": {
        "debug": "3.1.0"
      }
    },
    "ipc-message": {
      "version": "1.0.7",
      "resolved": "https://registry.npmjs.org/ipc-message/-/ipc-message-1.0.7.tgz",
      "integrity": "sha512-R+uamvIpR+oUQQtdQjx0e/qC0PqKF/GytbbjSijUmrB4KbUJvFeofZYvqB9SrGL5kfW9B0EsnFSqqB/wa9KfxQ==",
      "requires": {
        "async-events-listener": "1.0.0"
      }
    },
    "is-buffer": {
      "version": "1.1.6",
      "resolved": "http://npm.51.nb/is-buffer/download/is-buffer-1.1.6.tgz",
      "integrity": "sha1-76ouqdqg16suoTqXsritUf776L4=",
      "dev": true
    },
    "minimist": {
      "version": "0.0.8",
      "resolved": "http://npm.51.nb/minimist/download/minimist-0.0.8.tgz",
      "integrity": "sha1-hX/Kv8M5fSYluCKCYuhqp6ARsF0="
    },
    "mkdirp": {
      "version": "0.5.1",
      "resolved": "http://npm.51.nb/mkdirp/download/mkdirp-0.5.1.tgz",
      "integrity": "sha1-MAV0OOrGz3+MR2fzhkjWaX11yQM=",
      "requires": {
        "minimist": "0.0.8"
      }
    },
    "ms": {
      "version": "2.0.0",
      "resolved": "http://npm.51.nb/ms/download/ms-2.0.0.tgz",
      "integrity": "sha1-VgiurfwAvmwpAd9fmGF4jeDVl8g="
    },
    "mz": {
      "version": "2.7.0",
      "resolved": "http://npm.51.nb/mz/download/mz-2.7.0.tgz",
      "integrity": "sha1-lQCAV6Vsr63CvGPd5/n/aVWUjjI=",
      "requires": {
        "any-promise": "1.3.0",
        "object-assign": "4.1.1",
        "thenify-all": "1.6.0"
      }
    },
    "notepack.io": {
      "version": "2.1.2",
      "resolved": "http://npm.51.nb/notepack.io/download/notepack.io-2.1.2.tgz",
      "integrity": "sha1-lKR/XkzkrOHz1xsnxvg8cWM5PFI=",
      "dev": true
    },
    "object-assign": {
      "version": "4.1.1",
      "resolved": "http://npm.51.nb/object-assign/download/object-assign-4.1.1.tgz",
      "integrity": "sha1-IQmtx5ZYh8/AXLvUQsrIv7s2CGM="
    },
    "redis": {
      "version": "2.8.0",
      "resolved": "http://npm.51.nb/redis/download/redis-2.8.0.tgz",
      "integrity": "sha1-ICKI4/WMSfYHnZevehDhMDrhSwI=",
      "dev": true,
      "requires": {
        "double-ended-queue": "2.1.0-0",
        "redis-commands": "1.3.1",
        "redis-parser": "2.6.0"
      }
    },
    "redis-commands": {
      "version": "1.3.1",
      "resolved": "http://npm.51.nb/redis-commands/download/redis-commands-1.3.1.tgz",
      "integrity": "sha1-gdgm9F+pyLIBH0zXoP5ZfSQdRCs=",
      "dev": true
    },
    "redis-parser": {
      "version": "2.6.0",
      "resolved": "http://npm.51.nb/redis-parser/download/redis-parser-2.6.0.tgz",
      "integrity": "sha1-Uu0J2srBCPGmMcB+m2mUHnoZUEs=",
      "dev": true
    },
    "socket.io-adapter": {
      "version": "1.1.1",
      "resolved": "http://npm.51.nb/socket.io-adapter/download/socket.io-adapter-1.1.1.tgz",
      "integrity": "sha1-KoBeihTWNyEk3ZFZrUUC+MsH8Gs=",
      "dev": true
    },
    "socket.io-redis": {
      "version": "5.2.0",
      "resolved": "http://npm.51.nb/socket.io-redis/download/socket.io-redis-5.2.0.tgz",
      "integrity": "sha1-j+KtlEX8UIhvtwq8dZ1nQD1Ymd8=",
      "dev": true,
      "requires": {
        "debug": "2.6.9",
        "notepack.io": "2.1.2",
        "redis": "2.8.0",
        "socket.io-adapter": "1.1.1",
        "uid2": "0.0.3"
      },
      "dependencies": {
        "debug": {
          "version": "2.6.9",
          "resolved": "http://npm.51.nb/debug/download/debug-2.6.9.tgz",
          "integrity": "sha1-XRKFFd8TT/Mn6QpMk/Tgd6U2NB8=",
          "dev": true,
          "requires": {
            "ms": "2.0.0"
          }
        }
      }
    },
    "thenify": {
      "version": "3.3.0",
      "resolved": "http://npm.51.nb/thenify/download/thenify-3.3.0.tgz",
      "integrity": "sha1-5p44obq+lpsBCCB5eLn2K4hgSDk=",
      "requires": {
        "any-promise": "1.3.0"
      }
    },
    "thenify-all": {
      "version": "1.6.0",
      "resolved": "http://npm.51.nb/thenify-all/download/thenify-all-1.6.0.tgz",
      "integrity": "sha1-GhkY1ALY/D+Y+/I02wvMjMEOlyY=",
      "requires": {
        "thenify": "3.3.0"
      }
    },
    "uid2": {
      "version": "0.0.3",
      "resolved": "http://npm.51.nb/uid2/download/uid2-0.0.3.tgz",
      "integrity": "sha1-SDEm4Rd03y9xuLY53NeZw3YWK4I=",
      "dev": true
    },
    "utility": {
      "version": "1.13.1",
      "resolved": "http://npm.51.nb/utility/download/utility-1.13.1.tgz",
      "integrity": "sha1-nXLhReSeTFoh8sMHsLr1dSNQI/Q=",
      "requires": {
        "copy-to": "2.0.1",
        "escape-html": "1.0.3",
        "mkdirp": "0.5.1",
        "mz": "2.7.0"
      }
    }
  }
}
